// !$*UTF8*$!
{
	archiveVersion = 1;
	classes = {
	};
	objectVersion = 46;
	objects = {

/* Begin PBXBuildFile section */
		5505856C1E0243A30076AF2B /* main.m in Sources */ = {isa = PBXBuildFile; fileRef = 5505856B1E0243A30076AF2B /* main.m */; };
		5505856F1E0243A30076AF2B /* AppDelegate.m in Sources */ = {isa = PBXBuildFile; fileRef = 5505856E1E0243A30076AF2B /* AppDelegate.m */; };
		550585721E0243A30076AF2B /* ViewController.m in Sources */ = {isa = PBXBuildFile; fileRef = 550585711E0243A30076AF2B /* ViewController.m */; };
		550585751E0243A30076AF2B /* Main.storyboard in Resources */ = {isa = PBXBuildFile; fileRef = 550585731E0243A30076AF2B /* Main.storyboard */; };
		550585771E0243A30076AF2B /* Assets.xcassets in Resources */ = {isa = PBXBuildFile; fileRef = 550585761E0243A30076AF2B /* Assets.xcassets */; };
		5505857A1E0243A30076AF2B /* LaunchScreen.storyboard in Resources */ = {isa = PBXBuildFile; fileRef = 550585781E0243A30076AF2B /* LaunchScreen.storyboard */; };
		550585851E0243A30076AF2B /* FPSLabelTests.m in Sources */ = {isa = PBXBuildFile; fileRef = 550585841E0243A30076AF2B /* FPSLabelTests.m */; };
		550585901E0243A30076AF2B /* FPSLabelUITests.m in Sources */ = {isa = PBXBuildFile; fileRef = 5505858F1E0243A30076AF2B /* FPSLabelUITests.m */; };
		5505859F1E02444E0076AF2B /* AxeFPSLabel.m in Sources */ = {isa = PBXBuildFile; fileRef = 5505859E1E02444E0076AF2B /* AxeFPSLabel.m */; };
		550585A21E0244750076AF2B /* YYWeakProxy.m in Sources */ = {isa = PBXBuildFile; fileRef = 550585A11E0244750076AF2B /* YYWeakProxy.m */; };
/* End PBXBuildFile section */

/* Begin PBXContainerItemProxy section */
		550585811E0243A30076AF2B /* PBXContainerItemProxy */ = {
			isa = PBXContainerItemProxy;
			containerPortal = 5505855F1E0243A30076AF2B /* Project object */;
			proxyType = 1;
			remoteGlobalIDString = 550585661E0243A30076AF2B;
			remoteInfo = FPSLabel;
		};
		5505858C1E0243A30076AF2B /* PBXContainerItemProxy */ = {
			isa = PBXContainerItemProxy;
			containerPortal = 5505855F1E0243A30076AF2B /* Project object */;
			proxyType = 1;
			remoteGlobalIDString = 550585661E0243A30076AF2B;
			remoteInfo = FPSLabel;
		};
/* End PBXContainerItemProxy section */

/* Begin PBXFileReference section */
		550585671E0243A30076AF2B /* FPSLabel.app */ = {isa = PBXFileReference; explicitFileType = wrapper.application; includeInIndex = 0; path = FPSLabel.app; sourceTree = BUILT_PRODUCTS_DIR; };
		5505856B1E0243A30076AF2B /* main.m */ = {isa = PBXFileReference; lastKnownFileType = sourcecode.c.objc; path = main.m; sourceTree = "<group>"; };
		5505856D1E0243A30076AF2B /* AppDelegate.h */ = {isa = PBXFileReference; lastKnownFileType = sourcecode.c.h; path = AppDelegate.h; sourceTree = "<group>"; };
		5505856E1E0243A30076AF2B /* AppDelegate.m */ = {isa = PBXFileReference; lastKnownFileType = sourcecode.c.objc; path = AppDelegate.m; sourceTree = "<group>"; };
		550585701E0243A30076AF2B /* ViewController.h */ = {isa = PBXFileReference; lastKnownFileType = sourcecode.c.h; path = ViewController.h; sourceTree = "<group>"; };
		550585711E0243A30076AF2B /* ViewController.m */ = {isa = PBXFileReference; lastKnownFileType = sourcecode.c.objc; path = ViewController.m; sourceTree = "<group>"; };
		550585741E0243A30076AF2B /* Base */ = {isa = PBXFileReference; lastKnownFileType = file.storyboard; name = Base; path = Base.lproj/Main.storyboard; sourceTree = "<group>"; };
		550585761E0243A30076AF2B /* Assets.xcassets */ = {isa = PBXFileReference; lastKnownFileType = folder.assetcatalog; path = Assets.xcassets; sourceTree = "<group>"; };
		550585791E0243A30076AF2B /* Base */ = {isa = PBXFileReference; lastKnownFileType = file.storyboard; name = Base; path = Base.lproj/LaunchScreen.storyboard; sourceTree = "<group>"; };
		5505857B1E0243A30076AF2B /* Info.plist */ = {isa = PBXFileReference; lastKnownFileType = text.plist.xml; path = Info.plist; sourceTree = "<group>"; };
		550585801E0243A30076AF2B /* FPSLabelTests.xctest */ = {isa = PBXFileReference; explicitFileType = wrapper.cfbundle; includeInIndex = 0; path = FPSLabelTests.xctest; sourceTree = BUILT_PRODUCTS_DIR; };
		550585841E0243A30076AF2B /* FPSLabelTests.m */ = {isa = PBXFileReference; lastKnownFileType = sourcecode.c.objc; path = FPSLabelTests.m; sourceTree = "<group>"; };
		550585861E0243A30076AF2B /* Info.plist */ = {isa = PBXFileReference; lastKnownFileType = text.plist.xml; path = Info.plist; sourceTree = "<group>"; };
		5505858B1E0243A30076AF2B /* FPSLabelUITests.xctest */ = {isa = PBXFileReference; explicitFileType = wrapper.cfbundle; includeInIndex = 0; path = FPSLabelUITests.xctest; sourceTree = BUILT_PRODUCTS_DIR; };
		5505858F1E0243A30076AF2B /* FPSLabelUITests.m */ = {isa = PBXFileReference; lastKnownFileType = sourcecode.c.objc; path = FPSLabelUITests.m; sourceTree = "<group>"; };
		550585911E0243A30076AF2B /* Info.plist */ = {isa = PBXFileReference; lastKnownFileType = text.plist.xml; path = Info.plist; sourceTree = "<group>"; };
		5505859D1E02444E0076AF2B /* AxeFPSLabel.h */ = {isa = PBXFileReference; fileEncoding = 4; lastKnownFileType = sourcecode.c.h; path = AxeFPSLabel.h; sourceTree = "<group>"; };
		5505859E1E02444E0076AF2B /* AxeFPSLabel.m */ = {isa = PBXFileReference; fileEncoding = 4; lastKnownFileType = sourcecode.c.objc; path = AxeFPSLabel.m; sourceTree = "<group>"; };
		550585A01E0244750076AF2B /* YYWeakProxy.h */ = {isa = PBXFileReference; fileEncoding = 4; lastKnownFileType = sourcecode.c.h; path = YYWeakProxy.h; sourceTree = "<group>"; };
		550585A11E0244750076AF2B /* YYWeakProxy.m */ = {isa = PBXFileReference; fileEncoding = 4; lastKnownFileType = sourcecode.c.objc; path = YYWeakProxy.m; sourceTree = "<group>"; };
/* End PBXFileReference section */

/* Begin PBXFrameworksBuildPhase section */
		550585641E0243A30076AF2B /* Frameworks */ = {
			isa = PBXFrameworksBuildPhase;
			buildActionMask = 2147483647;
			files = (
			);
			runOnlyForDeploymentPostprocessing = 0;
		};
		5505857D1E0243A30076AF2B /* Frameworks */ = {
			isa = PBXFrameworksBuildPhase;
			buildActionMask = 2147483647;
			files = (
			);
			runOnlyForDeploymentPostprocessing = 0;
		};
		550585881E0243A30076AF2B /* Frameworks */ = {
			isa = PBXFrameworksBuildPhase;
			buildActionMask = 2147483647;
			files = (
			);
			runOnlyForDeploymentPostprocessing = 0;
		};
/* End PBXFrameworksBuildPhase section */

/* Begin PBXGroup section */
		5505855E1E0243A30076AF2B = {
			isa = PBXGroup;
			children = (
				550585691E0243A30076AF2B /* FPSLabel */,
				550585831E0243A30076AF2B /* FPSLabelTests */,
				5505858E1E0243A30076AF2B /* FPSLabelUITests */,
				550585681E0243A30076AF2B /* Products */,
			);
			sourceTree = "<group>";
		};
		550585681E0243A30076AF2B /* Products */ = {
			isa = PBXGroup;
			children = (
				550585671E0243A30076AF2B /* FPSLabel.app */,
				550585801E0243A30076AF2B /* FPSLabelTests.xctest */,
				5505858B1E0243A30076AF2B /* FPSLabelUITests.xctest */,
			);
			name = Products;
			sourceTree = "<group>";
		};
		550585691E0243A30076AF2B /* FPSLabel */ = {
			isa = PBXGroup;
			children = (
				550585A31E0244850076AF2B /* AxeFPSLabel */,
				5505856D1E0243A30076AF2B /* AppDelegate.h */,
				5505856E1E0243A30076AF2B /* AppDelegate.m */,
				550585701E0243A30076AF2B /* ViewController.h */,
				550585711E0243A30076AF2B /* ViewController.m */,
				550585731E0243A30076AF2B /* Main.storyboard */,
				550585761E0243A30076AF2B /* Assets.xcassets */,
				550585781E0243A30076AF2B /* LaunchScreen.storyboard */,
				5505857B1E0243A30076AF2B /* Info.plist */,
				5505856A1E0243A30076AF2B /* Supporting Files */,
			);
			path = FPSLabel;
			sourceTree = "<group>";
		};
		5505856A1E0243A30076AF2B /* Supporting Files */ = {
			isa = PBXGroup;
			children = (
				5505856B1E0243A30076AF2B /* main.m */,
			);
			name = "Supporting Files";
			sourceTree = "<group>";
		};
		550585831E0243A30076AF2B /* FPSLabelTests */ = {
			isa = PBXGroup;
			children = (
				550585841E0243A30076AF2B /* FPSLabelTests.m */,
				550585861E0243A30076AF2B /* Info.plist */,
			);
			path = FPSLabelTests;
			sourceTree = "<group>";
		};
		5505858E1E0243A30076AF2B /* FPSLabelUITests */ = {
			isa = PBXGroup;
			children = (
				5505858F1E0243A30076AF2B /* FPSLabelUITests.m */,
				550585911E0243A30076AF2B /* Info.plist */,
			);
			path = FPSLabelUITests;
			sourceTree = "<group>";
		};
		550585A31E0244850076AF2B /* AxeFPSLabel */ = {
			isa = PBXGroup;
			children = (
				550585A01E0244750076AF2B /* YYWeakProxy.h */,
				550585A11E0244750076AF2B /* YYWeakProxy.m */,
				5505859D1E02444E0076AF2B /* AxeFPSLabel.h */,
				5505859E1E02444E0076AF2B /* AxeFPSLabel.m */,
			);
			name = AxeFPSLabel;
			sourceTree = "<group>";
		};
/* End PBXGroup section */

/* Begin PBXNativeTarget section */
		550585661E0243A30076AF2B /* FPSLabel */ = {
			isa = PBXNativeTarget;
			buildConfigurationList = 550585941E0243A30076AF2B /* Build configuration list for PBXNativeTarget "FPSLabel" */;
			buildPhases = (
				550585631E0243A30076AF2B /* Sources */,
				550585641E0243A30076AF2B /* Frameworks */,
				550585651E0243A30076AF2B /* Resources */,
			);
			buildRules = (
			);
			dependencies = (
			);
			name = FPSLabel;
			productName = FPSLabel;
			productReference = 550585671E0243A30076AF2B /* FPSLabel.app */;
			productType = "com.apple.product-type.application";
		};
		5505857F1E0243A30076AF2B /* FPSLabelTests */ = {
			isa = PBXNativeTarget;
			buildConfigurationList = 550585971E0243A30076AF2B /* Build configuration list for PBXNativeTarget "FPSLabelTests" */;
			buildPhases = (
				5505857C1E0243A30076AF2B /* Sources */,
				5505857D1E0243A30076AF2B /* Frameworks */,
				5505857E1E0243A30076AF2B /* Resources */,
			);
			buildRules = (
			);
			dependencies = (
				550585821E0243A30076AF2B /* PBXTargetDependency */,
			);
			name = FPSLabelTests;
			productName = FPSLabelTests;
			productReference = 550585801E0243A30076AF2B /* FPSLabelTests.xctest */;
			productType = "com.apple.product-type.bundle.unit-test";
		};
		5505858A1E0243A30076AF2B /* FPSLabelUITests */ = {
			isa = PBXNativeTarget;
			buildConfigurationList = 5505859A1E0243A30076AF2B /* Build configuration list for PBXNativeTarget "FPSLabelUITests" */;
			buildPhases = (
				550585871E0243A30076AF2B /* Sources */,
				550585881E0243A30076AF2B /* Frameworks */,
				550585891E0243A30076AF2B /* Resources */,
			);
			buildRules = (
			);
			dependencies = (
				5505858D1E0243A30076AF2B /* PBXTargetDependency */,
			);
			name = FPSLabelUITests;
			productName = FPSLabelUITests;
			productReference = 5505858B1E0243A30076AF2B /* FPSLabelUITests.xctest */;
			productType = "com.apple.product-type.bundle.ui-testing";
		};
/* End PBXNativeTarget section */

/* Begin PBXProject section */
		5505855F1E0243A30076AF2B /* Project object */ = {
			isa = PBXProject;
			attributes = {
				LastUpgradeCheck = 0810;
				ORGANIZATIONNAME = GiantAxe;
				TargetAttributes = {
					550585661E0243A30076AF2B = {
						CreatedOnToolsVersion = 8.1;
						ProvisioningStyle = Automatic;
					};
					5505857F1E0243A30076AF2B = {
						CreatedOnToolsVersion = 8.1;
						ProvisioningStyle = Automatic;
						TestTargetID = 550585661E0243A30076AF2B;
					};
					5505858A1E0243A30076AF2B = {
						CreatedOnToolsVersion = 8.1;
						ProvisioningStyle = Automatic;
						TestTargetID = 550585661E0243A30076AF2B;
					};
				};
			};
			buildConfigurationList = 550585621E0243A30076AF2B /* Build configuration list for PBXProject "FPSLabel" */;
			compatibilityVersion = "Xcode 3.2";
			developmentRegion = English;
			hasScannedForEncodings = 0;
			knownRegions = (
				en,
				Base,
			);
			mainGroup = 5505855E1E0243A30076AF2B;
			productRefGroup = 550585681E0243A30076AF2B /* Products */;
			projectDirPath = "";
			projectRoot = "";
			targets = (
				550585661E0243A30076AF2B /* FPSLabel */,
				5505857F1E0243A30076AF2B /* FPSLabelTests */,
				5505858A1E0243A30076AF2B /* FPSLabelUITests */,
			);
		};
/* End PBXProject section */

/* Begin PBXResourcesBuildPhase section */
		550585651E0243A30076AF2B /* Resources */ = {
			isa = PBXResourcesBuildPhase;
			buildActionMask = 2147483647;
			files = (
				5505857A1E0243A30076AF2B /* LaunchScreen.storyboard in Resources */,
				550585771E0243A30076AF2B /* Assets.xcassets in Resources */,
				550585751E0243A30076AF2B /* Main.storyboard in Resources */,
			);
			runOnlyForDeploymentPostprocessing = 0;
		};
		5505857E1E0243A30076AF2B /* Resources */ = {
			isa = PBXResourcesBuildPhase;
			buildActionMask = 2147483647;
			files = (
			);
			runOnlyForDeploymentPostprocessing = 0;
		};
		550585891E0243A30076AF2B /* Resources */ = {
			isa = PBXResourcesBuildPhase;
			buildActionMask = 2147483647;
			files = (
			);
			runOnlyForDeploymentPostprocessing = 0;
		};
/* End PBXResourcesBuildPhase section */

/* Begin PBXSourcesBuildPhase section */
		550585631E0243A30076AF2B /* Sources */ = {
			isa = PBXSourcesBuildPhase;
			buildActionMask = 2147483647;
			files = (
				550585721E0243A30076AF2B /* ViewController.m in Sources */,
				5505856F1E0243A30076AF2B /* AppDelegate.m in Sources */,
				5505856C1E0243A30076AF2B /* main.m in Sources */,
				5505859F1E02444E0076AF2B /* AxeFPSLabel.m in Sources */,
				550585A21E0244750076AF2B /* YYWeakProxy.m in Sources */,
			);
			runOnlyForDeploymentPostprocessing = 0;
		};
		5505857C1E0243A30076AF2B /* Sources */ = {
			isa = PBXSourcesBuildPhase;
			buildActionMask = 2147483647;
			files = (
				550585851E0243A30076AF2B /* FPSLabelTests.m in Sources */,
			);
			runOnlyForDeploymentPostprocessing = 0;
		};
		550585871E0243A30076AF2B /* Sources */ = {
			isa = PBXSourcesBuildPhase;
			buildActionMask = 2147483647;
			files = (
				550585901E0243A30076AF2B /* FPSLabelUITests.m in Sources */,
			);
			runOnlyForDeploymentPostprocessing = 0;
		};
/* End PBXSourcesBuildPhase section */

/* Begin PBXTargetDependency section */
		550585821E0243A30076AF2B /* PBXTargetDependency */ = {
			isa = PBXTargetDependency;
			target = 550585661E0243A30076AF2B /* FPSLabel */;
			targetProxy = 550585811E0243A30076AF2B /* PBXContainerItemProxy */;
		};
		5505858D1E0243A30076AF2B /* PBXTargetDependency */ = {
			isa = PBXTargetDependency;
			target = 550585661E0243A30076AF2B /* FPSLabel */;
			targetProxy = 5505858C1E0243A30076AF2B /* PBXContainerItemProxy */;
		};
/* End PBXTargetDependency section */

/* Begin PBXVariantGroup section */
		550585731E0243A30076AF2B /* Main.storyboard */ = {
			isa = PBXVariantGroup;
			children = (
				550585741E0243A30076AF2B /* Base */,
			);
			name = Main.storyboard;
			sourceTree = "<group>";
		};
		550585781E0243A30076AF2B /* LaunchScreen.storyboard */ = {
			isa = PBXVariantGroup;
			children = (
				550585791E0243A30076AF2B /* Base */,
			);
			name = LaunchScreen.storyboard;
			sourceTree = "<group>";
		};
/* End PBXVariantGroup section */

/* Begin XCBuildConfiguration section */
		550585921E0243A30076AF2B /* Debug */ = {
			isa = XCBuildConfiguration;
			buildSettings = {
				ALWAYS_SEARCH_USER_PATHS = NO;
				CLANG_ANALYZER_NONNULL = YES;
				CLANG_CXX_LANGUAGE_STANDARD = "gnu++0x";
				CLANG_CXX_LIBRARY = "libc++";
				CLANG_ENABLE_MODULES = YES;
				CLANG_ENABLE_OBJC_ARC = YES;
				CLANG_WARN_BOOL_CONVERSION = YES;
				CLANG_WARN_CONSTANT_CONVERSION = YES;
				CLANG_WARN_DIRECT_OBJC_ISA_USAGE = YES_ERROR;
				CLANG_WARN_DOCUMENTATION_COMMENTS = YES;
				CLANG_WARN_EMPTY_BODY = YES;
				CLANG_WARN_ENUM_CONVERSION = YES;
				CLANG_WARN_INFINITE_RECURSION = YES;
				CLANG_WARN_INT_CONVERSION = YES;
				CLANG_WARN_OBJC_ROOT_CLASS = YES_ERROR;
				CLANG_WARN_SUSPICIOUS_MOVES = YES;
				CLANG_WARN_UNREACHABLE_CODE = YES;
				CLANG_WARN__DUPLICATE_METHOD_MATCH = YES;
				"CODE_SIGN_IDENTITY[sdk=iphoneos*]" = "iPhone Developer";
				COPY_PHASE_STRIP = NO;
				DEBUG_INFORMATION_FORMAT = dwarf;
				ENABLE_STRICT_OBJC_MSGSEND = YES;
				ENABLE_TESTABILITY = YES;
				GCC_C_LANGUAGE_STANDARD = gnu99;
				GCC_DYNAMIC_NO_PIC = NO;
				GCC_NO_COMMON_BLOCKS = YES;
				GCC_OPTIMIZATION_LEVEL = 0;
				GCC_PREPROCESSOR_DEFINITIONS = (
					"DEBUG=1",
					"$(inherited)",
				);
				GCC_WARN_64_TO_32_BIT_CONVERSION = YES;
				GCC_WARN_ABOUT_RETURN_TYPE = YES_ERROR;
				GCC_WARN_UNDECLARED_SELECTOR = YES;
				GCC_WARN_UNINITIALIZED_AUTOS = YES_AGGRESSIVE;
				GCC_WARN_UNUSED_FUNCTION = YES;
				GCC_WARN_UNUSED_VARIABLE = YES;
				IPHONEOS_DEPLOYMENT_TARGET = 10.1;
				MTL_ENABLE_DEBUG_INFO = YES;
				ONLY_ACTIVE_ARCH = YES;
				SDKROOT = iphoneos;
				TARGETED_DEVICE_FAMILY = "1,2";
			};
			name = Debug;
		};
		550585931E0243A30076AF2B /* Release */ = {
			isa = XCBuildConfiguration;
			buildSettings = {
				ALWAYS_SEARCH_USER_PATHS = NO;
				CLANG_ANALYZER_NONNULL = YES;
				CLANG_CXX_LANGUAGE_STANDARD = "gnu++0x";
				CLANG_CXX_LIBRARY = "libc++";
				CLANG_ENABLE_MODULES = YES;
				CLANG_ENABLE_OBJC_ARC = YES;
				CLANG_WARN_BOOL_CONVERSION = YES;
				CLANG_WARN_CONSTANT_CONVERSION = YES;
				CLANG_WARN_DIRECT_OBJC_ISA_USAGE = YES_ERROR;
				CLANG_WARN_DOCUMENTATION_COMMENTS = YES;
				CLANG_WARN_EMPTY_BODY = YES;
				CLANG_WARN_ENUM_CONVERSION = YES;
				CLANG_WARN_INFINITE_RECURSION = YES;
				CLANG_WARN_INT_CONVERSION = YES;
				CLANG_WARN_OBJC_ROOT_CLASS = YES_ERROR;
				CLANG_WARN_SUSPICIOUS_MOVES = YES;
				CLANG_WARN_UNREACHABLE_CODE = YES;
				CLANG_WARN__DUPLICATE_METHOD_MATCH = YES;
				"CODE_SIGN_IDENTITY[sdk=iphoneos*]" = "iPhone Developer";
				COPY_PHASE_STRIP = NO;
				DEBUG_INFORMATION_FORMAT = "dwarf-with-dsym";
				ENABLE_NS_ASSERTIONS = NO;
				ENABLE_STRICT_OBJC_MSGSEND = YES;
				GCC_C_LANGUAGE_STANDARD = gnu99;
				GCC_NO_COMMON_BLOCKS = YES;
				GCC_WARN_64_TO_32_BIT_CONVERSION = YES;
				GCC_WARN_ABOUT_RETURN_TYPE = YES_ERROR;
				GCC_WARN_UNDECLARED_SELECTOR = YES;
				GCC_WARN_UNINITIALIZED_AUTOS = YES_AGGRESSIVE;
				GCC_WARN_UNUSED_FUNCTION = YES;
				GCC_WARN_UNUSED_VARIABLE = YES;
				IPHONEOS_DEPLOYMENT_TARGET = 10.1;
				MTL_ENABLE_DEBUG_INFO = NO;
				SDKROOT = iphoneos;
				TARGETED_DEVICE_FAMILY = "1,2";
				VALIDATE_PRODUCT = YES;
			};
			name = Release;
		};
		550585951E0243A30076AF2B /* Debug */ = {
			isa = XCBuildConfiguration;
			buildSettings = {
				ASSETCATALOG_COMPILER_APPICON_NAME = AppIcon;
				INFOPLIST_FILE = FPSLabel/Info.plist;
				LD_RUNPATH_SEARCH_PATHS = "$(inherited) @executable_path/Frameworks";
				PRODUCT_BUNDLE_IDENTIFIER = com.helloworld.FPSLabel;
				PRODUCT_NAME = "$(TARGET_NAME)";
			};
			name = Debug;
		};
		550585961E0243A30076AF2B /* Release */ = {
			isa = XCBuildConfiguration;
			buildSettings = {
				ASSETCATALOG_COMPILER_APPICON_NAME = AppIcon;
				INFOPLIST_FILE = FPSLabel/Info.plist;
				LD_RUNPATH_SEARCH_PATHS = "$(inherited) @executable_path/Frameworks";
				PRODUCT_BUNDLE_IDENTIFIER = com.helloworld.FPSLabel;
				PRODUCT_NAME = "$(TARGET_NAME)";
			};
			name = Release;
		};
		550585981E0243A30076AF2B /* Debug */ = {
			isa = XCBuildConfiguration;
			buildSettings = {
				BUNDLE_LOADER = "$(TEST_HOST)";
				INFOPLIST_FILE = FPSLabelTests/Info.plist;
				LD_RUNPATH_SEARCH_PATHS = "$(inherited) @executable_path/Frameworks @loader_path/Frameworks";
				PRODUCT_BUNDLE_IDENTIFIER = com.helloworld.FPSLabelTests;
				PRODUCT_NAME = "$(TARGET_NAME)";
				TEST_HOST = "$(BUILT_PRODUCTS_DIR)/FPSLabel.app/FPSLabel";
			};
			name = Debug;
		};
		550585991E0243A30076AF2B /* Release */ = {
			isa = XCBuildConfiguration;
			buildSettings = {
				BUNDLE_LOADER = "$(TEST_HOST)";
				INFOPLIST_FILE = FPSLabelTests/Info.plist;
				LD_RUNPATH_SEARCH_PATHS = "$(inherited) @executable_path/Frameworks @loader_path/Frameworks";
				PRODUCT_BUNDLE_IDENTIFIER = com.helloworld.FPSLabelTests;
				PRODUCT_NAME = "$(TARGET_NAME)";
				TEST_HOST = "$(BUILT_PRODUCTS_DIR)/FPSLabel.app/FPSLabel";
			};
			name = Release;
		};
		5505859B1E0243A30076AF2B /* Debug */ = {
			isa = XCBuildConfiguration;
			buildSettings = {
				INFOPLIST_FILE = FPSLabelUITests/Info.plist;
				LD_RUNPATH_SEARCH_PATHS = "$(inherited) @executable_path/Frameworks @loader_path/Frameworks";
				PRODUCT_BUNDLE_IDENTIFIER = com.helloworld.FPSLabelUITests;
				PRODUCT_NAME = "$(TARGET_NAME)";
				TEST_TARGET_NAME = FPSLabel;
			};
			name = Debug;
		};
		5505859C1E0243A30076AF2B /* Release */ = {
			isa = XCBuildConfiguration;
			buildSettings = {
				INFOPLIST_FILE = FPSLabelUITests/Info.plist;
				LD_RUNPATH_SEARCH_PATHS = "$(inherited) @executable_path/Frameworks @loader_path/Frameworks";
				PRODUCT_BUNDLE_IDENTIFIER = com.helloworld.FPSLabelUITests;
				PRODUCT_NAME = "$(TARGET_NAME)";
				TEST_TARGET_NAME = FPSLabel;
			};
			name = Release;
		};
/* End XCBuildConfiguration section */

/* Begin XCConfigurationList section */
		550585621E0243A30076AF2B /* Build configuration list for PBXProject "FPSLabel" */ = {
			isa = XCConfigurationList;
			buildConfigurations = (
				550585921E0243A30076AF2B /* Debug */,
				550585931E0243A30076AF2B /* Release */,
			);
			defaultConfigurationIsVisible = 0;
			defaultConfigurationName = Release;
		};
		550585941E0243A30076AF2B /* Build configuration list for PBXNativeTarget "FPSLabel" */ = {
			isa = XCConfigurationList;
			buildConfigurations = (
				550585951E0243A30076AF2B /* Debug */,
				550585961E0243A30076AF2B /* Release */,
			);
			defaultConfigurationIsVisible = 0;
		};
		550585971E0243A30076AF2B /* Build configuration list for PBXNativeTarget "FPSLabelTests" */ = {
			isa = XCConfigurationList;
			buildConfigurations = (
				550585981E0243A30076AF2B /* Debug */,
				550585991E0243A30076AF2B /* Release */,
			);
			defaultConfigurationIsVisible = 0;
		};
		5505859A1E0243A30076AF2B /* Build configuration list for PBXNativeTarget "FPSLabelUITests" */ = {
			isa = XCConfigurationList;
			buildConfigurations = (
				5505859B1E0243A30076AF2B /* Debug */,
				5505859C1E0243A30076AF2B /* Release */,
			);
			defaultConfigurationIsVisible = 0;
		};
/* End XCConfigurationList section */
	};
	rootObject = 5505855F1E0243A30076AF2B /* Project object */;
}
